// !$*UTF8*$!
{
	archiveVersion = 1;
	classes = {
	};
	objectVersion = 48;
	objects = {

/* Begin PBXBuildFile section */
		1A88AD87EC0506EFE59B357A /* Pods_NewsApp.framework in Frameworks */ = {isa = PBXBuildFile; fileRef = 790842D33C063F65DA35A30E /* Pods_NewsApp.framework */; };
		D83D2802203DC61F0020A1F8 /* ArticleTableViewCell.swift in Sources */ = {isa = PBXBuildFile; fileRef = D83D2801203DC61F0020A1F8 /* ArticleTableViewCell.swift */; };
		D8517F19200770F20061C6A4 /* AppDelegate.swift in Sources */ = {isa = PBXBuildFile; fileRef = D8517F18200770F20061C6A4 /* AppDelegate.swift */; };
		D8517F1B200770F20061C6A4 /* SourceListViewController.swift in Sources */ = {isa = PBXBuildFile; fileRef = D8517F1A200770F20061C6A4 /* SourceListViewController.swift */; };
		D8517F1E200770F20061C6A4 /* Main.storyboard in Resources */ = {isa = PBXBuildFile; fileRef = D8517F1C200770F20061C6A4 /* Main.storyboard */; };
		D8517F20200770F20061C6A4 /* Assets.xcassets in Resources */ = {isa = PBXBuildFile; fileRef = D8517F1F200770F20061C6A4 /* Assets.xcassets */; };
		D8517F23200770F20061C6A4 /* LaunchScreen.storyboard in Resources */ = {isa = PBXBuildFile; fileRef = D8517F21200770F20061C6A4 /* LaunchScreen.storyboard */; };
		D8517F2B2007AF5E0061C6A4 /* SourceTableViewCell.swift in Sources */ = {isa = PBXBuildFile; fileRef = D8517F2A2007AF5E0061C6A4 /* SourceTableViewCell.swift */; };
		D87C88C121B51AD600215B79 /* SourceListViewController.xib in Resources */ = {isa = PBXBuildFile; fileRef = D87C88C021B51AD600215B79 /* SourceListViewController.xib */; };
		D87C88C321B529EC00215B79 /* SourceTableViewCell.xib in Resources */ = {isa = PBXBuildFile; fileRef = D87C88C221B529EC00215B79 /* SourceTableViewCell.xib */; };
		D87C88C521B52DE500215B79 /* ArticleTableViewCell.xib in Resources */ = {isa = PBXBuildFile; fileRef = D87C88C421B52DE500215B79 /* ArticleTableViewCell.xib */; };
		D87C88C721B52E7000215B79 /* ArticleListViewController.xib in Resources */ = {isa = PBXBuildFile; fileRef = D87C88C621B52E7000215B79 /* ArticleListViewController.xib */; };
		D87C88CA21B5408500215B79 /* Source.swift in Sources */ = {isa = PBXBuildFile; fileRef = D87C88C921B5408500215B79 /* Source.swift */; };
		D87C88CC21B543E300215B79 /* Article.swift in Sources */ = {isa = PBXBuildFile; fileRef = D87C88CB21B543E300215B79 /* Article.swift */; };
		D8A7F51E2023836C00440AAB /* NewsApiService.swift in Sources */ = {isa = PBXBuildFile; fileRef = D8A7F51D2023836C00440AAB /* NewsApiService.swift */; };
		D8AFB6EA203A61AB00425018 /* ArticleListViewController.swift in Sources */ = {isa = PBXBuildFile; fileRef = D8AFB6E8203A61AB00425018 /* ArticleListViewController.swift */; };
/* End PBXBuildFile section */

/* Begin PBXFileReference section */
		35AD346C4E1C7E0B0B512FB7 /* Pods-NewsApp.debug.xcconfig */ = {isa = PBXFileReference; includeInIndex = 1; lastKnownFileType = text.xcconfig; name = "Pods-NewsApp.debug.xcconfig"; path = "Pods/Target Support Files/Pods-NewsApp/Pods-NewsApp.debug.xcconfig"; sourceTree = "<group>"; };
		632D8AC4BC9B665DD5C84C1D /* Pods-NewsApp.release.xcconfig */ = {isa = PBXFileReference; includeInIndex = 1; lastKnownFileType = text.xcconfig; name = "Pods-NewsApp.release.xcconfig"; path = "Pods/Target Support Files/Pods-NewsApp/Pods-NewsApp.release.xcconfig"; sourceTree = "<group>"; };
		790842D33C063F65DA35A30E /* Pods_NewsApp.framework */ = {isa = PBXFileReference; explicitFileType = wrapper.framework; includeInIndex = 0; path = Pods_NewsApp.framework; sourceTree = BUILT_PRODUCTS_DIR; };
		D83D2801203DC61F0020A1F8 /* ArticleTableViewCell.swift */ = {isa = PBXFileReference; lastKnownFileType = sourcecode.swift; path = ArticleTableViewCell.swift; sourceTree = "<group>"; };
		D8517F15200770F10061C6A4 /* NewsApp.app */ = {isa = PBXFileReference; explicitFileType = wrapper.application; includeInIndex = 0; path = NewsApp.app; sourceTree = BUILT_PRODUCTS_DIR; };
		D8517F18200770F20061C6A4 /* AppDelegate.swift */ = {isa = PBXFileReference; lastKnownFileType = sourcecode.swift; path = AppDelegate.swift; sourceTree = "<group>"; };
		D8517F1A200770F20061C6A4 /* SourceListViewController.swift */ = {isa = PBXFileReference; lastKnownFileType = sourcecode.swift; path = SourceListViewController.swift; sourceTree = "<group>"; };
		D8517F1D200770F20061C6A4 /* Base */ = {isa = PBXFileReference; lastKnownFileType = file.storyboard; name = Base; path = Base.lproj/Main.storyboard; sourceTree = "<group>"; };
		D8517F1F200770F20061C6A4 /* Assets.xcassets */ = {isa = PBXFileReference; lastKnownFileType = folder.assetcatalog; path = Assets.xcassets; sourceTree = "<group>"; };
		D8517F22200770F20061C6A4 /* Base */ = {isa = PBXFileReference; lastKnownFileType = file.storyboard; name = Base; path = Base.lproj/LaunchScreen.storyboard; sourceTree = "<group>"; };
		D8517F24200770F20061C6A4 /* Info.plist */ = {isa = PBXFileReference; lastKnownFileType = text.plist.xml; path = Info.plist; sourceTree = "<group>"; };
		D8517F2A2007AF5E0061C6A4 /* SourceTableViewCell.swift */ = {isa = PBXFileReference; lastKnownFileType = sourcecode.swift; path = SourceTableViewCell.swift; sourceTree = "<group>"; };
		D87C88C021B51AD600215B79 /* SourceListViewController.xib */ = {isa = PBXFileReference; lastKnownFileType = file.xib; path = SourceListViewController.xib; sourceTree = "<group>"; };
		D87C88C221B529EC00215B79 /* SourceTableViewCell.xib */ = {isa = PBXFileReference; lastKnownFileType = file.xib; path = SourceTableViewCell.xib; sourceTree = "<group>"; };
		D87C88C421B52DE500215B79 /* ArticleTableViewCell.xib */ = {isa = PBXFileReference; lastKnownFileType = file.xib; path = ArticleTableViewCell.xib; sourceTree = "<group>"; };
		D87C88C621B52E7000215B79 /* ArticleListViewController.xib */ = {isa = PBXFileReference; lastKnownFileType = file.xib; path = ArticleListViewController.xib; sourceTree = "<group>"; };
		D87C88C921B5408500215B79 /* Source.swift */ = {isa = PBXFileReference; lastKnownFileType = sourcecode.swift; name = Source.swift; path = NewsApp/View/Source.swift; sourceTree = SOURCE_ROOT; };
		D87C88CB21B543E300215B79 /* Article.swift */ = {isa = PBXFileReference; lastKnownFileType = sourcecode.swift; name = Article.swift; path = NewsApp/View/Article.swift; sourceTree = SOURCE_ROOT; };
		D8A7F51D2023836C00440AAB /* NewsApiService.swift */ = {isa = PBXFileReference; lastKnownFileType = sourcecode.swift; path = NewsApiService.swift; sourceTree = "<group>"; };
		D8AFB6E8203A61AB00425018 /* ArticleListViewController.swift */ = {isa = PBXFileReference; lastKnownFileType = sourcecode.swift; path = ArticleListViewController.swift; sourceTree = "<group>"; };
/* End PBXFileReference section */

/* Begin PBXFrameworksBuildPhase section */
		D8517F12200770F10061C6A4 /* Frameworks */ = {
			isa = PBXFrameworksBuildPhase;
			buildActionMask = 2147483647;
			files = (
				1A88AD87EC0506EFE59B357A /* Pods_NewsApp.framework in Frameworks */,
			);
			runOnlyForDeploymentPostprocessing = 0;
		};
/* End PBXFrameworksBuildPhase section */

/* Begin PBXGroup section */
		51B7790FCB465E79B8F7F18F /* Pods */ = {
			isa = PBXGroup;
			children = (
				35AD346C4E1C7E0B0B512FB7 /* Pods-NewsApp.debug.xcconfig */,
				632D8AC4BC9B665DD5C84C1D /* Pods-NewsApp.release.xcconfig */,
			);
			name = Pods;
			sourceTree = "<group>";
		};
		D8517F0C200770F10061C6A4 = {
			isa = PBXGroup;
			children = (
				D8517F17200770F10061C6A4 /* NewsApp */,
				D8517F16200770F10061C6A4 /* Products */,
				51B7790FCB465E79B8F7F18F /* Pods */,
				DE59133ACB982AB5FC33391A /* Frameworks */,
			);
			sourceTree = "<group>";
		};
		D8517F16200770F10061C6A4 /* Products */ = {
			isa = PBXGroup;
			children = (
				D8517F15200770F10061C6A4 /* NewsApp.app */,
			);
			name = Products;
			sourceTree = "<group>";
		};
		D8517F17200770F10061C6A4 /* NewsApp */ = {
			isa = PBXGroup;
			children = (
				D8A7F51F202408B200440AAB /* Model */,
				D8517F2D2007B9A70061C6A4 /* Controller */,
				D8517F2C2007B99A0061C6A4 /* View */,
				D8517F18200770F20061C6A4 /* AppDelegate.swift */,
				D8517F1C200770F20061C6A4 /* Main.storyboard */,
				D8517F1F200770F20061C6A4 /* Assets.xcassets */,
				D8517F21200770F20061C6A4 /* LaunchScreen.storyboard */,
				D8517F24200770F20061C6A4 /* Info.plist */,
				D8A7F51D2023836C00440AAB /* NewsApiService.swift */,
			);
			path = NewsApp;
			sourceTree = "<group>";
		};
		D8517F2C2007B99A0061C6A4 /* View */ = {
			isa = PBXGroup;
			children = (
				D87C88C021B51AD600215B79 /* SourceListViewController.xib */,
				D8517F2A2007AF5E0061C6A4 /* SourceTableViewCell.swift */,
				D87C88C221B529EC00215B79 /* SourceTableViewCell.xib */,
				D87C88C421B52DE500215B79 /* ArticleTableViewCell.xib */,
				D83D2801203DC61F0020A1F8 /* ArticleTableViewCell.swift */,
				D87C88C621B52E7000215B79 /* ArticleListViewController.xib */,
			);
			path = View;
			sourceTree = "<group>";
		};
		D8517F2D2007B9A70061C6A4 /* Controller */ = {
			isa = PBXGroup;
			children = (
				D8AFB6E8203A61AB00425018 /* ArticleListViewController.swift */,
				D8517F1A200770F20061C6A4 /* SourceListViewController.swift */,
			);
			path = Controller;
			sourceTree = "<group>";
		};
		D8A7F51F202408B200440AAB /* Model */ = {
			isa = PBXGroup;
			children = (
				D87C88C921B5408500215B79 /* Source.swift */,
				D87C88CB21B543E300215B79 /* Article.swift */,
			);
			path = Model;
			sourceTree = "<group>";
		};
		DE59133ACB982AB5FC33391A /* Frameworks */ = {
			isa = PBXGroup;
			children = (
				790842D33C063F65DA35A30E /* Pods_NewsApp.framework */,
			);
			name = Frameworks;
			sourceTree = "<group>";
		};
/* End PBXGroup section */

/* Begin PBXNativeTarget section */
		D8517F14200770F10061C6A4 /* NewsApp */ = {
			isa = PBXNativeTarget;
			buildConfigurationList = D8517F27200770F20061C6A4 /* Build configuration list for PBXNativeTarget "NewsApp" */;
			buildPhases = (
				9AA4C2BC3E7F517474444B45 /* [CP] Check Pods Manifest.lock */,
				D8517F11200770F10061C6A4 /* Sources */,
				D8517F12200770F10061C6A4 /* Frameworks */,
				D8517F13200770F10061C6A4 /* Resources */,
				6F3DAEF514780D6E0B490354 /* [CP] Embed Pods Frameworks */,
			);
			buildRules = (
			);
			dependencies = (
			);
			name = NewsApp;
			productName = NewsApp;
			productReference = D8517F15200770F10061C6A4 /* NewsApp.app */;
			productType = "com.apple.product-type.application";
		};
/* End PBXNativeTarget section */

/* Begin PBXProject section */
		D8517F0D200770F10061C6A4 /* Project object */ = {
			isa = PBXProject;
			attributes = {
				LastSwiftUpdateCheck = 0920;
				LastUpgradeCheck = 0920;
				ORGANIZATIONNAME = "Sigit Hanafi";
				TargetAttributes = {
					D8517F14200770F10061C6A4 = {
						CreatedOnToolsVersion = 9.2;
						ProvisioningStyle = Automatic;
					};
				};
			};
			buildConfigurationList = D8517F10200770F10061C6A4 /* Build configuration list for PBXProject "NewsApp" */;
			compatibilityVersion = "Xcode 8.0";
			developmentRegion = en;
			hasScannedForEncodings = 0;
			knownRegions = (
				en,
				Base,
			);
			mainGroup = D8517F0C200770F10061C6A4;
			productRefGroup = D8517F16200770F10061C6A4 /* Products */;
			projectDirPath = "";
			projectRoot = "";
			targets = (
				D8517F14200770F10061C6A4 /* NewsApp */,
			);
		};
/* End PBXProject section */

/* Begin PBXResourcesBuildPhase section */
		D8517F13200770F10061C6A4 /* Resources */ = {
			isa = PBXResourcesBuildPhase;
			buildActionMask = 2147483647;
			files = (
				D87C88C721B52E7000215B79 /* ArticleListViewController.xib in Resources */,
				D87C88C121B51AD600215B79 /* SourceListViewController.xib in Resources */,
				D87C88C321B529EC00215B79 /* SourceTableViewCell.xib in Resources */,
				D8517F23200770F20061C6A4 /* LaunchScreen.storyboard in Resources */,
				D8517F20200770F20061C6A4 /* Assets.xcassets in Resources */,
				D87C88C521B52DE500215B79 /* ArticleTableViewCell.xib in Resources */,
				D8517F1E200770F20061C6A4 /* Main.storyboard in Resources */,
			);
			runOnlyForDeploymentPostprocessing = 0;
		};
/* End PBXResourcesBuildPhase section */

/* Begin PBXShellScriptBuildPhase section */
		6F3DAEF514780D6E0B490354 /* [CP] Embed Pods Frameworks */ = {
			isa = PBXShellScriptBuildPhase;
			buildActionMask = 2147483647;
			files = (
			);
			inputPaths = (
				"${PODS_ROOT}/Target Support Files/Pods-NewsApp/Pods-NewsApp-frameworks.sh",
				"${BUILT_PRODUCTS_DIR}/Alamofire/Alamofire.framework",
				"${BUILT_PRODUCTS_DIR}/Moya/Moya.framework",
				"${BUILT_PRODUCTS_DIR}/Result/Result.framework",
				"${BUILT_PRODUCTS_DIR}/SwiftyJSON/SwiftyJSON.framework",
			);
			name = "[CP] Embed Pods Frameworks";
			outputPaths = (
				"${TARGET_BUILD_DIR}/${FRAMEWORKS_FOLDER_PATH}/Alamofire.framework",
				"${TARGET_BUILD_DIR}/${FRAMEWORKS_FOLDER_PATH}/Moya.framework",
				"${TARGET_BUILD_DIR}/${FRAMEWORKS_FOLDER_PATH}/Result.framework",
				"${TARGET_BUILD_DIR}/${FRAMEWORKS_FOLDER_PATH}/SwiftyJSON.framework",
			);
			runOnlyForDeploymentPostprocessing = 0;
			shellPath = /bin/sh;
			shellScript = "\"${PODS_ROOT}/Target Support Files/Pods-NewsApp/Pods-NewsApp-frameworks.sh\"\n";
			showEnvVarsInLog = 0;
		};
		9AA4C2BC3E7F517474444B45 /* [CP] Check Pods Manifest.lock */ = {
			isa = PBXShellScriptBuildPhase;
			buildActionMask = 2147483647;
			files = (
			);
			inputPaths = (
				"${PODS_PODFILE_DIR_PATH}/Podfile.lock",
				"${PODS_ROOT}/Manifest.lock",
			);
			name = "[CP] Check Pods Manifest.lock";
			outputPaths = (
				"$(DERIVED_FILE_DIR)/Pods-NewsApp-checkManifestLockResult.txt",
			);
			runOnlyForDeploymentPostprocessing = 0;
			shellPath = /bin/sh;
			shellScript = "diff \"${PODS_PODFILE_DIR_PATH}/Podfile.lock\" \"${PODS_ROOT}/Manifest.lock\" > /dev/null\nif [ $? != 0 ] ; then\n    # print error to STDERR\n    echo \"error: The sandbox is not in sync with the Podfile.lock. Run 'pod install' or update your CocoaPods installation.\" >&2\n    exit 1\nfi\n# This output is used by Xcode 'outputs' to avoid re-running this script phase.\necho \"SUCCESS\" > \"${SCRIPT_OUTPUT_FILE_0}\"\n";
			showEnvVarsInLog = 0;
		};
/* End PBXShellScriptBuildPhase section */

/* Begin PBXSourcesBuildPhase section */
		D8517F11200770F10061C6A4 /* Sources */ = {
			isa = PBXSourcesBuildPhase;
			buildActionMask = 2147483647;
			files = (
				D8517F1B200770F20061C6A4 /* SourceListViewController.swift in Sources */,
				D87C88CA21B5408500215B79 /* Source.swift in Sources */,
				D8517F19200770F20061C6A4 /* AppDelegate.swift in Sources */,
				D8517F2B2007AF5E0061C6A4 /* SourceTableViewCell.swift in Sources */,
				D87C88CC21B543E300215B79 /* Article.swift in Sources */,
				D8AFB6EA203A61AB00425018 /* ArticleListViewController.swift in Sources */,
				D83D2802203DC61F0020A1F8 /* ArticleTableViewCell.swift in Sources */,
				D8A7F51E2023836C00440AAB /* NewsApiService.swift in Sources */,
			);
			runOnlyForDeploymentPostprocessing = 0;
		};
/* End PBXSourcesBuildPhase section */

/* Begin PBXVariantGroup section */
		D8517F1C200770F20061C6A4 /* Main.storyboard */ = {
			isa = PBXVariantGroup;
			children = (
				D8517F1D200770F20061C6A4 /* Base */,
			);
			name = Main.storyboard;
			sourceTree = "<group>";
		};
		D8517F21200770F20061C6A4 /* LaunchScreen.storyboard */ = {
			isa = PBXVariantGroup;
			children = (
				D8517F22200770F20061C6A4 /* Base */,
			);
			name = LaunchScreen.storyboard;
			sourceTree = "<group>";
		};
/* End PBXVariantGroup section */

/* Begin XCBuildConfiguration section */
		D8517F25200770F20061C6A4 /* Debug */ = {
			isa = XCBuildConfiguration;
			buildSettings = {
				ALWAYS_SEARCH_USER_PATHS = NO;
				CLANG_ANALYZER_NONNULL = YES;
				CLANG_ANALYZER_NUMBER_OBJECT_CONVERSION = YES_AGGRESSIVE;
				CLANG_CXX_LANGUAGE_STANDARD = "gnu++14";
				CLANG_CXX_LIBRARY = "libc++";
				CLANG_ENABLE_MODULES = YES;
				CLANG_ENABLE_OBJC_ARC = YES;
				CLANG_WARN_BLOCK_CAPTURE_AUTORELEASING = YES;
				CLANG_WARN_BOOL_CONVERSION = YES;
				CLANG_WARN_COMMA = YES;
				CLANG_WARN_CONSTANT_CONVERSION = YES;
				CLANG_WARN_DIRECT_OBJC_ISA_USAGE = YES_ERROR;
				CLANG_WARN_DOCUMENTATION_COMMENTS = YES;
				CLANG_WARN_EMPTY_BODY = YES;
				CLANG_WARN_ENUM_CONVERSION = YES;
				CLANG_WARN_INFINITE_RECURSION = YES;
				CLANG_WARN_INT_CONVERSION = YES;
				CLANG_WARN_NON_LITERAL_NULL_CONVERSION = YES;
				CLANG_WARN_OBJC_LITERAL_CONVERSION = YES;
				CLANG_WARN_OBJC_ROOT_CLASS = YES_ERROR;
				CLANG_WARN_RANGE_LOOP_ANALYSIS = YES;
				CLANG_WARN_STRICT_PROTOTYPES = YES;
				CLANG_WARN_SUSPICIOUS_MOVE = YES;
				CLANG_WARN_UNGUARDED_AVAILABILITY = YES_AGGRESSIVE;
				CLANG_WARN_UNREACHABLE_CODE = YES;
				CLANG_WARN__DUPLICATE_METHOD_MATCH = YES;
				CODE_SIGN_IDENTITY = "iPhone Developer";
				COPY_PHASE_STRIP = NO;
				DEBUG_INFORMATION_FORMAT = dwarf;
				ENABLE_STRICT_OBJC_MSGSEND = YES;
				ENABLE_TESTABILITY = YES;
				GCC_C_LANGUAGE_STANDARD = gnu11;
				GCC_DYNAMIC_NO_PIC = NO;
				GCC_NO_COMMON_BLOCKS = YES;
				GCC_OPTIMIZATION_LEVEL = 0;
				GCC_PREPROCESSOR_DEFINITIONS = (
					"DEBUG=1",
					"$(inherited)",
				);
				GCC_WARN_64_TO_32_BIT_CONVERSION = YES;
				GCC_WARN_ABOUT_RETURN_TYPE = YES_ERROR;
				GCC_WARN_UNDECLARED_SELECTOR = YES;
				GCC_WARN_UNINITIALIZED_AUTOS = YES_AGGRESSIVE;
				GCC_WARN_UNUSED_FUNCTION = YES;
				GCC_WARN_UNUSED_VARIABLE = YES;
				IPHONEOS_DEPLOYMENT_TARGET = 11.2;
				MTL_ENABLE_DEBUG_INFO = YES;
				ONLY_ACTIVE_ARCH = YES;
				SDKROOT = iphoneos;
				SWIFT_ACTIVE_COMPILATION_CONDITIONS = DEBUG;
				SWIFT_OPTIMIZATION_LEVEL = "-Onone";
			};
			name = Debug;
		};
		D8517F26200770F20061C6A4 /* Release */ = {
			isa = XCBuildConfiguration;
			buildSettings = {
				ALWAYS_SEARCH_USER_PATHS = NO;
				CLANG_ANALYZER_NONNULL = YES;
				CLANG_ANALYZER_NUMBER_OBJECT_CONVERSION = YES_AGGRESSIVE;
				CLANG_CXX_LANGUAGE_STANDARD = "gnu++14";
				CLANG_CXX_LIBRARY = "libc++";
				CLANG_ENABLE_MODULES = YES;
				CLANG_ENABLE_OBJC_ARC = YES;
				CLANG_WARN_BLOCK_CAPTURE_AUTORELEASING = YES;
				CLANG_WARN_BOOL_CONVERSION = YES;
				CLANG_WARN_COMMA = YES;
				CLANG_WARN_CONSTANT_CONVERSION = YES;
				CLANG_WARN_DIRECT_OBJC_ISA_USAGE = YES_ERROR;
				CLANG_WARN_DOCUMENTATION_COMMENTS = YES;
				CLANG_WARN_EMPTY_BODY = YES;
				CLANG_WARN_ENUM_CONVERSION = YES;
				CLANG_WARN_INFINITE_RECURSION = YES;
				CLANG_WARN_INT_CONVERSION = YES;
				CLANG_WARN_NON_LITERAL_NULL_CONVERSION = YES;
				CLANG_WARN_OBJC_LITERAL_CONVERSION = YES;
				CLANG_WARN_OBJC_ROOT_CLASS = YES_ERROR;
				CLANG_WARN_RANGE_LOOP_ANALYSIS = YES;
				CLANG_WARN_STRICT_PROTOTYPES = YES;
				CLANG_WARN_SUSPICIOUS_MOVE = YES;
				CLANG_WARN_UNGUARDED_AVAILABILITY = YES_AGGRESSIVE;
				CLANG_WARN_UNREACHABLE_CODE = YES;
				CLANG_WARN__DUPLICATE_METHOD_MATCH = YES;
				CODE_SIGN_IDENTITY = "iPhone Developer";
				COPY_PHASE_STRIP = NO;
				DEBUG_INFORMATION_FORMAT = "dwarf-with-dsym";
				ENABLE_NS_ASSERTIONS = NO;
				ENABLE_STRICT_OBJC_MSGSEND = YES;
				GCC_C_LANGUAGE_STANDARD = gnu11;
				GCC_NO_COMMON_BLOCKS = YES;
				GCC_WARN_64_TO_32_BIT_CONVERSION = YES;
				GCC_WARN_ABOUT_RETURN_TYPE = YES_ERROR;
				GCC_WARN_UNDECLARED_SELECTOR = YES;
				GCC_WARN_UNINITIALIZED_AUTOS = YES_AGGRESSIVE;
				GCC_WARN_UNUSED_FUNCTION = YES;
				GCC_WARN_UNUSED_VARIABLE = YES;
				IPHONEOS_DEPLOYMENT_TARGET = 11.2;
				MTL_ENABLE_DEBUG_INFO = NO;
				SDKROOT = iphoneos;
				SWIFT_OPTIMIZATION_LEVEL = "-Owholemodule";
				VALIDATE_PRODUCT = YES;
			};
			name = Release;
		};
		D8517F28200770F20061C6A4 /* Debug */ = {
			isa = XCBuildConfiguration;
			baseConfigurationReference = 35AD346C4E1C7E0B0B512FB7 /* Pods-NewsApp.debug.xcconfig */;
			buildSettings = {
				ASSETCATALOG_COMPILER_APPICON_NAME = AppIcon;
				CODE_SIGN_STYLE = Automatic;
				DEVELOPMENT_TEAM = 4437WC2GU7;
				INFOPLIST_FILE = NewsApp/Info.plist;
				LD_RUNPATH_SEARCH_PATHS = "$(inherited) @executable_path/Frameworks";
				PRODUCT_BUNDLE_IDENTIFIER = com.sigithanafi.NewsApp;
				PRODUCT_NAME = "$(TARGET_NAME)";
				SWIFT_VERSION = 4.0;
				TARGETED_DEVICE_FAMILY = "1,2";
			};
			name = Debug;
		};
		D8517F29200770F20061C6A4 /* Release */ = {
			isa = XCBuildConfiguration;
			baseConfigurationReference = 632D8AC4BC9B665DD5C84C1D /* Pods-NewsApp.release.xcconfig */;
			buildSettings = {
				ASSETCATALOG_COMPILER_APPICON_NAME = AppIcon;
				CODE_SIGN_STYLE = Automatic;
				DEVELOPMENT_TEAM = 4437WC2GU7;
				INFOPLIST_FILE = NewsApp/Info.plist;
				LD_RUNPATH_SEARCH_PATHS = "$(inherited) @executable_path/Frameworks";
				PRODUCT_BUNDLE_IDENTIFIER = com.sigithanafi.NewsApp;
				PRODUCT_NAME = "$(TARGET_NAME)";
				SWIFT_VERSION = 4.0;
				TARGETED_DEVICE_FAMILY = "1,2";
			};
			name = Release;
		};
/* End XCBuildConfiguration section */

/* Begin XCConfigurationList section */
		D8517F10200770F10061C6A4 /* Build configuration list for PBXProject "NewsApp" */ = {
			isa = XCConfigurationList;
			buildConfigurations = (
				D8517F25200770F20061C6A4 /* Debug */,
				D8517F26200770F20061C6A4 /* Release */,
			);
			defaultConfigurationIsVisible = 0;
			defaultConfigurationName = Release;
		};
		D8517F27200770F20061C6A4 /* Build configuration list for PBXNativeTarget "NewsApp" */ = {
			isa = XCConfigurationList;
			buildConfigurations = (
				D8517F28200770F20061C6A4 /* Debug */,
				D8517F29200770F20061C6A4 /* Release */,
			);
			defaultConfigurationIsVisible = 0;
			defaultConfigurationName = Release;
		};
/* End XCConfigurationList section */
	};
	rootObject = D8517F0D200770F10061C6A4 /* Project object */;
}
